
Microsoft Visual Studio Solution File, Format Version 12.00
# Visual Studio Version 17
VisualStudioVersion = 17.5.002.0
MinimumVisualStudioVersion = 10.0.40219.1
Project("{2150E333-8FDC-42A3-9474-1A3956D46DE8}") = "Semana-2", "Semana-2", "{83C94F44-0D73-4A70-8110-A704C091A550}"
EndProject
Project("{9A19103F-16F7-4668-BE54-9A1E7A4F7556}") = "P002-1", "Semana-2\P002-1\P002-1.csproj", "{05A30775-7BBD-458E-A89E-517A40CDB9F8}"
EndProject
Global
	GlobalSection(SolutionConfigurationPlatforms) = preSolution
		Debug|Any CPU = Debug|Any CPU
		Release|Any CPU = Release|Any CPU
	EndGlobalSection
	GlobalSection(ProjectConfigurationPlatforms) = postSolution
		{05A30775-7BBD-458E-A89E-517A40CDB9F8}.Debug|Any CPU.ActiveCfg = Debug|Any CPU
		{05A30775-7BBD-458E-A89E-517A40CDB9F8}.Debug|Any CPU.Build.0 = Debug|Any CPU
		{05A30775-7BBD-458E-A89E-517A40CDB9F8}.Release|Any CPU.ActiveCfg = Release|Any CPU
		{05A30775-7BBD-458E-A89E-517A40CDB9F8}.Release|Any CPU.Build.0 = Release|Any CPU
	EndGlobalSection
	GlobalSection(SolutionProperties) = preSolution
		HideSolutionNode = FALSE
	EndGlobalSection
	GlobalSection(NestedProjects) = preSolution
		{05A30775-7BBD-458E-A89E-517A40CDB9F8} = {83C94F44-0D73-4A70-8110-A704C091A550}
	EndGlobalSection
	GlobalSection(ExtensibilityGlobals) = postSolution
		SolutionGuid = {9D2C6B3E-F36D-4B85-9DED-1641C3254969}
	EndGlobalSection
EndGlobal
