
Microsoft Visual Studio Solution File, Format Version 12.00
# Visual Studio Version 17
VisualStudioVersion = 17.5.002.0
MinimumVisualStudioVersion = 10.0.40219.1
Project("{2150E333-8FDC-42A3-9474-1A3956D46DE8}") = "Semana-1", "Semana-1", "{875FDCF7-1A1F-43C8-95E7-5EC7C0BB297A}"
EndProject
Project("{2150E333-8FDC-42A3-9474-1A3956D46DE8}") = "Aula", "Aula", "{F5C179AF-23D5-4370-B177-43C72D6D2467}"
EndProject
Project("{9A19103F-16F7-4668-BE54-9A1E7A4F7556}") = "Exemplo-HelloWord", "Semana-1\Aula\Exemplo-HelloWord\Exemplo-HelloWord.csproj", "{1E3E093F-7435-463A-A48C-3DFE7AF5DCD5}"
EndProject
Global
	GlobalSection(SolutionConfigurationPlatforms) = preSolution
		Debug|Any CPU = Debug|Any CPU
		Release|Any CPU = Release|Any CPU
	EndGlobalSection
	GlobalSection(ProjectConfigurationPlatforms) = postSolution
		{1E3E093F-7435-463A-A48C-3DFE7AF5DCD5}.Debug|Any CPU.ActiveCfg = Debug|Any CPU
		{1E3E093F-7435-463A-A48C-3DFE7AF5DCD5}.Debug|Any CPU.Build.0 = Debug|Any CPU
		{1E3E093F-7435-463A-A48C-3DFE7AF5DCD5}.Release|Any CPU.ActiveCfg = Release|Any CPU
		{1E3E093F-7435-463A-A48C-3DFE7AF5DCD5}.Release|Any CPU.Build.0 = Release|Any CPU
	EndGlobalSection
	GlobalSection(SolutionProperties) = preSolution
		HideSolutionNode = FALSE
	EndGlobalSection
	GlobalSection(NestedProjects) = preSolution
		{F5C179AF-23D5-4370-B177-43C72D6D2467} = {875FDCF7-1A1F-43C8-95E7-5EC7C0BB297A}
		{1E3E093F-7435-463A-A48C-3DFE7AF5DCD5} = {F5C179AF-23D5-4370-B177-43C72D6D2467}
	EndGlobalSection
	GlobalSection(ExtensibilityGlobals) = postSolution
		SolutionGuid = {2DE916E2-33A8-4426-83F2-751DB55C0FF6}
	EndGlobalSection
EndGlobal
